
Microsoft Visual Studio Solution File, Format Version 12.00
# Visual Studio Version 16
VisualStudioVersion = 25.0.1706.6
MinimumVisualStudioVersion = 10.0.40219.1
Project("{FAE04EC0-301F-11D3-BF4B-00C04F79EFBC}") = "Canadian Holidays", "Canadian Holidays\Canadian Holidays.csproj", "{606BB393-EACB-485B-9EDE-78AF0B6DECFE}"
EndProject
Global
	GlobalSection(SolutionConfigurationPlatforms) = preSolution
		Debug|Any CPU = Debug|Any CPU
		Release|Any CPU = Release|Any CPU
	EndGlobalSection
	GlobalSection(ProjectConfigurationPlatforms) = postSolution
		{606BB393-EACB-485B-9EDE-78AF0B6DECFE}.Debug|Any CPU.ActiveCfg = Debug|Any CPU
		{606BB393-EACB-485B-9EDE-78AF0B6DECFE}.Debug|Any CPU.Build.0 = Debug|Any CPU
		{606BB393-EACB-485B-9EDE-78AF0B6DECFE}.Release|Any CPU.ActiveCfg = Release|Any CPU
		{606BB393-EACB-485B-9EDE-78AF0B6DECFE}.Release|Any CPU.Build.0 = Release|Any CPU
	EndGlobalSection
	GlobalSection(SolutionProperties) = preSolution
		HideSolutionNode = FALSE
	EndGlobalSection
	GlobalSection(ExtensibilityGlobals) = postSolution
		SolutionGuid = {794B367C-49EA-4801-94BD-2E109458AB29}
	EndGlobalSection
EndGlobal
